
Microsoft Visual Studio Solution File, Format Version 12.00
# Visual Studio Version 16
VisualStudioVersion = 16.0.29806.167
MinimumVisualStudioVersion = 10.0.40219.1
Project("{FAE04EC0-301F-11D3-BF4B-00C04F79EFBC}") = "act16correos", "act16correos\act16correos.csproj", "{8382272F-D5E3-4A9B-A6A6-FDB38FA62903}"
EndProject
Global
	GlobalSection(SolutionConfigurationPlatforms) = preSolution
		Debug|Any CPU = Debug|Any CPU
		Release|Any CPU = Release|Any CPU
	EndGlobalSection
	GlobalSection(ProjectConfigurationPlatforms) = postSolution
		{8382272F-D5E3-4A9B-A6A6-FDB38FA62903}.Debug|Any CPU.ActiveCfg = Debug|Any CPU
		{8382272F-D5E3-4A9B-A6A6-FDB38FA62903}.Debug|Any CPU.Build.0 = Debug|Any CPU
		{8382272F-D5E3-4A9B-A6A6-FDB38FA62903}.Release|Any CPU.ActiveCfg = Release|Any CPU
		{8382272F-D5E3-4A9B-A6A6-FDB38FA62903}.Release|Any CPU.Build.0 = Release|Any CPU
	EndGlobalSection
	GlobalSection(SolutionProperties) = preSolution
		HideSolutionNode = FALSE
	EndGlobalSection
	GlobalSection(ExtensibilityGlobals) = postSolution
		SolutionGuid = {8AA95289-790C-41E0-9F3B-0068AE3F3B2A}
	EndGlobalSection
EndGlobal
